{
  "name": "licensehub-electron-demo",
  "version": "0.1.0",
  "lockfileVersion": 3,
  "requires": true,
  "packages": {
    "": {
      "name": "licensehub-electron-demo",
      "version": "0.1.0",
      "dependencies": {
        "@licensehub/licensing": "file:../../bindings/node"
      }
    },
    "../../bindings/node": {
      "name": "@licensehub/licensing",
      "version": "0.1.0",
      "dependencies": {
        "koffi": "^2.14.1"
      },
      "engines": {
        "node": ">=20"
      }
    },
    "node_modules/@licensehub/licensing": {
      "resolved": "../../bindings/node",
      "link": true
    }
  }
}
